// !$*UTF8*$!
{
	archiveVersion = 1;
	classes = {
	};
	objectVersion = 46;
	objects = {

/* Begin PBXBuildFile section */
		837771A01C154994003FE9EB /* main.m in Sources */ = {isa = PBXBuildFile; fileRef = 8377719F1C154994003FE9EB /* main.m */; };
		837771A31C154994003FE9EB /* AppDelegate.m in Sources */ = {isa = PBXBuildFile; fileRef = 837771A21C154994003FE9EB /* AppDelegate.m */; };
		837771A61C154994003FE9EB /* ViewController.m in Sources */ = {isa = PBXBuildFile; fileRef = 837771A51C154994003FE9EB /* ViewController.m */; };
		837771A91C154994003FE9EB /* Main.storyboard in Resources */ = {isa = PBXBuildFile; fileRef = 837771A71C154994003FE9EB /* Main.storyboard */; };
		837771AB1C154994003FE9EB /* Assets.xcassets in Resources */ = {isa = PBXBuildFile; fileRef = 837771AA1C154994003FE9EB /* Assets.xcassets */; };
		837771AE1C154994003FE9EB /* LaunchScreen.storyboard in Resources */ = {isa = PBXBuildFile; fileRef = 837771AC1C154994003FE9EB /* LaunchScreen.storyboard */; };
/* End PBXBuildFile section */

/* Begin PBXFileReference section */
		8377719B1C154994003FE9EB /* GetLatLong.app */ = {isa = PBXFileReference; explicitFileType = wrapper.application; includeInIndex = 0; path = GetLatLong.app; sourceTree = BUILT_PRODUCTS_DIR; };
		8377719F1C154994003FE9EB /* main.m */ = {isa = PBXFileReference; lastKnownFileType = sourcecode.c.objc; path = main.m; sourceTree = "<group>"; };
		837771A11C154994003FE9EB /* AppDelegate.h */ = {isa = PBXFileReference; lastKnownFileType = sourcecode.c.h; path = AppDelegate.h; sourceTree = "<group>"; };
		837771A21C154994003FE9EB /* AppDelegate.m */ = {isa = PBXFileReference; lastKnownFileType = sourcecode.c.objc; path = AppDelegate.m; sourceTree = "<group>"; };
		837771A41C154994003FE9EB /* ViewController.h */ = {isa = PBXFileReference; lastKnownFileType = sourcecode.c.h; path = ViewController.h; sourceTree = "<group>"; };
		837771A51C154994003FE9EB /* ViewController.m */ = {isa = PBXFileReference; lastKnownFileType = sourcecode.c.objc; path = ViewController.m; sourceTree = "<group>"; };
		837771A81C154994003FE9EB /* Base */ = {isa = PBXFileReference; lastKnownFileType = file.storyboard; name = Base; path = Base.lproj/Main.storyboard; sourceTree = "<group>"; };
		837771AA1C154994003FE9EB /* Assets.xcassets */ = {isa = PBXFileReference; lastKnownFileType = folder.assetcatalog; path = Assets.xcassets; sourceTree = "<group>"; };
		837771AD1C154994003FE9EB /* Base */ = {isa = PBXFileReference; lastKnownFileType = file.storyboard; name = Base; path = Base.lproj/LaunchScreen.storyboard; sourceTree = "<group>"; };
		837771AF1C154994003FE9EB /* Info.plist */ = {isa = PBXFileReference; lastKnownFileType = text.plist.xml; path = Info.plist; sourceTree = "<group>"; };
/* End PBXFileReference section */

/* Begin PBXFrameworksBuildPhase section */
		837771981C154994003FE9EB /* Frameworks */ = {
			isa = PBXFrameworksBuildPhase;
			buildActionMask = 2147483647;
			files = (
			);
			runOnlyForDeploymentPostprocessing = 0;
		};
/* End PBXFrameworksBuildPhase section */

/* Begin PBXGroup section */
		837771921C154994003FE9EB = {
			isa = PBXGroup;
			children = (
				8377719D1C154994003FE9EB /* GetLatLong */,
				8377719C1C154994003FE9EB /* Products */,
			);
			sourceTree = "<group>";
		};
		8377719C1C154994003FE9EB /* Products */ = {
			isa = PBXGroup;
			children = (
				8377719B1C154994003FE9EB /* GetLatLong.app */,
			);
			name = Products;
			sourceTree = "<group>";
		};
		8377719D1C154994003FE9EB /* GetLatLong */ = {
			isa = PBXGroup;
			children = (
				837771A11C154994003FE9EB /* AppDelegate.h */,
				837771A21C154994003FE9EB /* AppDelegate.m */,
				837771A41C154994003FE9EB /* ViewController.h */,
				837771A51C154994003FE9EB /* ViewController.m */,
				837771A71C154994003FE9EB /* Main.storyboard */,
				837771AA1C154994003FE9EB /* Assets.xcassets */,
				837771AC1C154994003FE9EB /* LaunchScreen.storyboard */,
				837771AF1C154994003FE9EB /* Info.plist */,
				8377719E1C154994003FE9EB /* Supporting Files */,
			);
			path = GetLatLong;
			sourceTree = "<group>";
		};
		8377719E1C154994003FE9EB /* Supporting Files */ = {
			isa = PBXGroup;
			children = (
				8377719F1C154994003FE9EB /* main.m */,
			);
			name = "Supporting Files";
			sourceTree = "<group>";
		};
/* End PBXGroup section */

/* Begin PBXNativeTarget section */
		8377719A1C154994003FE9EB /* GetLatLong */ = {
			isa = PBXNativeTarget;
			buildConfigurationList = 837771B21C154994003FE9EB /* Build configuration list for PBXNativeTarget "GetLatLong" */;
			buildPhases = (
				837771971C154994003FE9EB /* Sources */,
				837771981C154994003FE9EB /* Frameworks */,
				837771991C154994003FE9EB /* Resources */,
			);
			buildRules = (
			);
			dependencies = (
			);
			name = GetLatLong;
			productName = GetLatLong;
			productReference = 8377719B1C154994003FE9EB /* GetLatLong.app */;
			productType = "com.apple.product-type.application";
		};
/* End PBXNativeTarget section */

/* Begin PBXProject section */
		837771931C154994003FE9EB /* Project object */ = {
			isa = PBXProject;
			attributes = {
				LastUpgradeCheck = 0710;
				ORGANIZATIONNAME = "Ashish Chauhan";
				TargetAttributes = {
					8377719A1C154994003FE9EB = {
						CreatedOnToolsVersion = 7.1.1;
					};
				};
			};
			buildConfigurationList = 837771961C154994003FE9EB /* Build configuration list for PBXProject "GetLatLong" */;
			compatibilityVersion = "Xcode 3.2";
			developmentRegion = English;
			hasScannedForEncodings = 0;
			knownRegions = (
				en,
				Base,
			);
			mainGroup = 837771921C154994003FE9EB;
			productRefGroup = 8377719C1C154994003FE9EB /* Products */;
			projectDirPath = "";
			projectRoot = "";
			targets = (
				8377719A1C154994003FE9EB /* GetLatLong */,
			);
		};
/* End PBXProject section */

/* Begin PBXResourcesBuildPhase section */
		837771991C154994003FE9EB /* Resources */ = {
			isa = PBXResourcesBuildPhase;
			buildActionMask = 2147483647;
			files = (
				837771AE1C154994003FE9EB /* LaunchScreen.storyboard in Resources */,
				837771AB1C154994003FE9EB /* Assets.xcassets in Resources */,
				837771A91C154994003FE9EB /* Main.storyboard in Resources */,
			);
			runOnlyForDeploymentPostprocessing = 0;
		};
/* End PBXResourcesBuildPhase section */

/* Begin PBXSourcesBuildPhase section */
		837771971C154994003FE9EB /* Sources */ = {
			isa = PBXSourcesBuildPhase;
			buildActionMask = 2147483647;
			files = (
				837771A61C154994003FE9EB /* ViewController.m in Sources */,
				837771A31C154994003FE9EB /* AppDelegate.m in Sources */,
				837771A01C154994003FE9EB /* main.m in Sources */,
			);
			runOnlyForDeploymentPostprocessing = 0;
		};
/* End PBXSourcesBuildPhase section */

/* Begin PBXVariantGroup section */
		837771A71C154994003FE9EB /* Main.storyboard */ = {
			isa = PBXVariantGroup;
			children = (
				837771A81C154994003FE9EB /* Base */,
			);
			name = Main.storyboard;
			sourceTree = "<group>";
		};
		837771AC1C154994003FE9EB /* LaunchScreen.storyboard */ = {
			isa = PBXVariantGroup;
			children = (
				837771AD1C154994003FE9EB /* Base */,
			);
			name = LaunchScreen.storyboard;
			sourceTree = "<group>";
		};
/* End PBXVariantGroup section */

/* Begin XCBuildConfiguration section */
		837771B01C154994003FE9EB /* Debug */ = {
			isa = XCBuildConfiguration;
			buildSettings = {
				ALWAYS_SEARCH_USER_PATHS = NO;
				CLANG_CXX_LANGUAGE_STANDARD = "gnu++0x";
				CLANG_CXX_LIBRARY = "libc++";
				CLANG_ENABLE_MODULES = YES;
				CLANG_ENABLE_OBJC_ARC = YES;
				CLANG_WARN_BOOL_CONVERSION = YES;
				CLANG_WARN_CONSTANT_CONVERSION = YES;
				CLANG_WARN_DIRECT_OBJC_ISA_USAGE = YES_ERROR;
				CLANG_WARN_EMPTY_BODY = YES;
				CLANG_WARN_ENUM_CONVERSION = YES;
				CLANG_WARN_INT_CONVERSION = YES;
				CLANG_WARN_OBJC_ROOT_CLASS = YES_ERROR;
				CLANG_WARN_UNREACHABLE_CODE = YES;
				CLANG_WARN__DUPLICATE_METHOD_MATCH = YES;
				"CODE_SIGN_IDENTITY[sdk=iphoneos*]" = "iPhone Developer";
				COPY_PHASE_STRIP = NO;
				DEBUG_INFORMATION_FORMAT = dwarf;
				ENABLE_STRICT_OBJC_MSGSEND = YES;
				ENABLE_TESTABILITY = YES;
				GCC_C_LANGUAGE_STANDARD = gnu99;
				GCC_DYNAMIC_NO_PIC = NO;
				GCC_NO_COMMON_BLOCKS = YES;
				GCC_OPTIMIZATION_LEVEL = 0;
				GCC_PREPROCESSOR_DEFINITIONS = (
					"DEBUG=1",
					"$(inherited)",
				);
				GCC_WARN_64_TO_32_BIT_CONVERSION = YES;
				GCC_WARN_ABOUT_RETURN_TYPE = YES_ERROR;
				GCC_WARN_UNDECLARED_SELECTOR = YES;
				GCC_WARN_UNINITIALIZED_AUTOS = YES_AGGRESSIVE;
				GCC_WARN_UNUSED_FUNCTION = YES;
				GCC_WARN_UNUSED_VARIABLE = YES;
				IPHONEOS_DEPLOYMENT_TARGET = 9.1;
				MTL_ENABLE_DEBUG_INFO = YES;
				ONLY_ACTIVE_ARCH = YES;
				SDKROOT = iphoneos;
			};
			name = Debug;
		};
		837771B11C154994003FE9EB /* Release */ = {
			isa = XCBuildConfiguration;
			buildSettings = {
				ALWAYS_SEARCH_USER_PATHS = NO;
				CLANG_CXX_LANGUAGE_STANDARD = "gnu++0x";
				CLANG_CXX_LIBRARY = "libc++";
				CLANG_ENABLE_MODULES = YES;
				CLANG_ENABLE_OBJC_ARC = YES;
				CLANG_WARN_BOOL_CONVERSION = YES;
				CLANG_WARN_CONSTANT_CONVERSION = YES;
				CLANG_WARN_DIRECT_OBJC_ISA_USAGE = YES_ERROR;
				CLANG_WARN_EMPTY_BODY = YES;
				CLANG_WARN_ENUM_CONVERSION = YES;
				CLANG_WARN_INT_CONVERSION = YES;
				CLANG_WARN_OBJC_ROOT_CLASS = YES_ERROR;
				CLANG_WARN_UNREACHABLE_CODE = YES;
				CLANG_WARN__DUPLICATE_METHOD_MATCH = YES;
				"CODE_SIGN_IDENTITY[sdk=iphoneos*]" = "iPhone Developer";
				COPY_PHASE_STRIP = NO;
				DEBUG_INFORMATION_FORMAT = "dwarf-with-dsym";
				ENABLE_NS_ASSERTIONS = NO;
				ENABLE_STRICT_OBJC_MSGSEND = YES;
				GCC_C_LANGUAGE_STANDARD = gnu99;
				GCC_NO_COMMON_BLOCKS = YES;
				GCC_WARN_64_TO_32_BIT_CONVERSION = YES;
				GCC_WARN_ABOUT_RETURN_TYPE = YES_ERROR;
				GCC_WARN_UNDECLARED_SELECTOR = YES;
				GCC_WARN_UNINITIALIZED_AUTOS = YES_AGGRESSIVE;
				GCC_WARN_UNUSED_FUNCTION = YES;
				GCC_WARN_UNUSED_VARIABLE = YES;
				IPHONEOS_DEPLOYMENT_TARGET = 9.1;
				MTL_ENABLE_DEBUG_INFO = NO;
				SDKROOT = iphoneos;
				VALIDATE_PRODUCT = YES;
			};
			name = Release;
		};
		837771B31C154994003FE9EB /* Debug */ = {
			isa = XCBuildConfiguration;
			buildSettings = {
				ASSETCATALOG_COMPILER_APPICON_NAME = AppIcon;
				INFOPLIST_FILE = GetLatLong/Info.plist;
				LD_RUNPATH_SEARCH_PATHS = "$(inherited) @executable_path/Frameworks";
				PRODUCT_BUNDLE_IDENTIFIER = com.tth.kec.GetLatLong;
				PRODUCT_NAME = "$(TARGET_NAME)";
			};
			name = Debug;
		};
		837771B41C154994003FE9EB /* Release */ = {
			isa = XCBuildConfiguration;
			buildSettings = {
				ASSETCATALOG_COMPILER_APPICON_NAME = AppIcon;
				INFOPLIST_FILE = GetLatLong/Info.plist;
				LD_RUNPATH_SEARCH_PATHS = "$(inherited) @executable_path/Frameworks";
				PRODUCT_BUNDLE_IDENTIFIER = com.tth.kec.GetLatLong;
				PRODUCT_NAME = "$(TARGET_NAME)";
			};
			name = Release;
		};
/* End XCBuildConfiguration section */

/* Begin XCConfigurationList section */
		837771961C154994003FE9EB /* Build configuration list for PBXProject "GetLatLong" */ = {
			isa = XCConfigurationList;
			buildConfigurations = (
				837771B01C154994003FE9EB /* Debug */,
				837771B11C154994003FE9EB /* Release */,
			);
			defaultConfigurationIsVisible = 0;
			defaultConfigurationName = Release;
		};
		837771B21C154994003FE9EB /* Build configuration list for PBXNativeTarget "GetLatLong" */ = {
			isa = XCConfigurationList;
			buildConfigurations = (
				837771B31C154994003FE9EB /* Debug */,
				837771B41C154994003FE9EB /* Release */,
			);
			defaultConfigurationIsVisible = 0;
		};
/* End XCConfigurationList section */
	};
	rootObject = 837771931C154994003FE9EB /* Project object */;
}
